// !$*UTF8*$!
{
	archiveVersion = 1;
	classes = {
	};
	objectVersion = 51;
	objects = {

/* Begin PBXBuildFile section */
		04A031682541E04A00CE3D3E /* AppDelegate.swift in Sources */ = {isa = PBXBuildFile; fileRef = 04A031672541E04A00CE3D3E /* AppDelegate.swift */; };
		04A0316A2541E04A00CE3D3E /* SceneDelegate.swift in Sources */ = {isa = PBXBuildFile; fileRef = 04A031692541E04A00CE3D3E /* SceneDelegate.swift */; };
		04A0316C2541E04A00CE3D3E /* ViewController.swift in Sources */ = {isa = PBXBuildFile; fileRef = 04A0316B2541E04A00CE3D3E /* ViewController.swift */; };
		04A0316F2541E04A00CE3D3E /* Main.storyboard in Resources */ = {isa = PBXBuildFile; fileRef = 04A0316D2541E04A00CE3D3E /* Main.storyboard */; };
		04A031712541E04C00CE3D3E /* Assets.xcassets in Resources */ = {isa = PBXBuildFile; fileRef = 04A031702541E04C00CE3D3E /* Assets.xcassets */; };
		04A031742541E04C00CE3D3E /* LaunchScreen.storyboard in Resources */ = {isa = PBXBuildFile; fileRef = 04A031722541E04C00CE3D3E /* LaunchScreen.storyboard */; };
		04E4BC8625432E2A00AD7D4A /* CreateViewController.swift in Sources */ = {isa = PBXBuildFile; fileRef = 04E4BC8525432E2A00AD7D4A /* CreateViewController.swift */; };
		04E4BC8925432E6200AD7D4A /* EventsViewController.swift in Sources */ = {isa = PBXBuildFile; fileRef = 04E4BC8825432E6200AD7D4A /* EventsViewController.swift */; };
		04E4BC8E25432EF000AD7D4A /* FilterViewController.swift in Sources */ = {isa = PBXBuildFile; fileRef = 04E4BC8D25432EF000AD7D4A /* FilterViewController.swift */; };
		04E4BC9125432F0F00AD7D4A /* ProfileViewController.swift in Sources */ = {isa = PBXBuildFile; fileRef = 04E4BC9025432F0F00AD7D4A /* ProfileViewController.swift */; };
		04E4BC95254331B200AD7D4A /* FinderViewController.swift in Sources */ = {isa = PBXBuildFile; fileRef = 04E4BC94254331B200AD7D4A /* FinderViewController.swift */; };
		04F9AD14254C784B007832B6 /* GoogleService-Info.plist in Resources */ = {isa = PBXBuildFile; fileRef = 04F9AD13254C784B007832B6 /* GoogleService-Info.plist */; };
		04F9AD17254C8C6D007832B6 /* AuthViewController.swift in Sources */ = {isa = PBXBuildFile; fileRef = 04F9AD16254C8C6D007832B6 /* AuthViewController.swift */; };
		2323CC0ED67F7D410819D6C5 /* Pods_iConnect.framework in Frameworks */ = {isa = PBXBuildFile; fileRef = 0ADBD1653916715828FCADB8 /* Pods_iConnect.framework */; };
/* End PBXBuildFile section */

/* Begin PBXFileReference section */
		04A031642541E04A00CE3D3E /* iConnect.app */ = {isa = PBXFileReference; explicitFileType = wrapper.application; includeInIndex = 0; path = iConnect.app; sourceTree = BUILT_PRODUCTS_DIR; };
		04A031672541E04A00CE3D3E /* AppDelegate.swift */ = {isa = PBXFileReference; lastKnownFileType = sourcecode.swift; path = AppDelegate.swift; sourceTree = "<group>"; };
		04A031692541E04A00CE3D3E /* SceneDelegate.swift */ = {isa = PBXFileReference; lastKnownFileType = sourcecode.swift; path = SceneDelegate.swift; sourceTree = "<group>"; };
		04A0316B2541E04A00CE3D3E /* ViewController.swift */ = {isa = PBXFileReference; lastKnownFileType = sourcecode.swift; path = ViewController.swift; sourceTree = "<group>"; };
		04A0316E2541E04A00CE3D3E /* Base */ = {isa = PBXFileReference; lastKnownFileType = file.storyboard; name = Base; path = Base.lproj/Main.storyboard; sourceTree = "<group>"; };
		04A031702541E04C00CE3D3E /* Assets.xcassets */ = {isa = PBXFileReference; lastKnownFileType = folder.assetcatalog; path = Assets.xcassets; sourceTree = "<group>"; };
		04A031732541E04C00CE3D3E /* Base */ = {isa = PBXFileReference; lastKnownFileType = file.storyboard; name = Base; path = Base.lproj/LaunchScreen.storyboard; sourceTree = "<group>"; };
		04A031752541E04C00CE3D3E /* Info.plist */ = {isa = PBXFileReference; lastKnownFileType = text.plist.xml; path = Info.plist; sourceTree = "<group>"; };
		04E4BC8525432E2A00AD7D4A /* CreateViewController.swift */ = {isa = PBXFileReference; lastKnownFileType = sourcecode.swift; path = CreateViewController.swift; sourceTree = "<group>"; };
		04E4BC8825432E6200AD7D4A /* EventsViewController.swift */ = {isa = PBXFileReference; lastKnownFileType = sourcecode.swift; path = EventsViewController.swift; sourceTree = "<group>"; };
		04E4BC8D25432EF000AD7D4A /* FilterViewController.swift */ = {isa = PBXFileReference; lastKnownFileType = sourcecode.swift; path = FilterViewController.swift; sourceTree = "<group>"; };
		04E4BC9025432F0F00AD7D4A /* ProfileViewController.swift */ = {isa = PBXFileReference; lastKnownFileType = sourcecode.swift; path = ProfileViewController.swift; sourceTree = "<group>"; };
		04E4BC94254331B200AD7D4A /* FinderViewController.swift */ = {isa = PBXFileReference; lastKnownFileType = sourcecode.swift; path = FinderViewController.swift; sourceTree = "<group>"; };
		04F9AD13254C784B007832B6 /* GoogleService-Info.plist */ = {isa = PBXFileReference; lastKnownFileType = text.plist; path = "GoogleService-Info.plist"; sourceTree = SOURCE_ROOT; };
		04F9AD16254C8C6D007832B6 /* AuthViewController.swift */ = {isa = PBXFileReference; lastKnownFileType = sourcecode.swift; path = AuthViewController.swift; sourceTree = "<group>"; };
		0ADBD1653916715828FCADB8 /* Pods_iConnect.framework */ = {isa = PBXFileReference; explicitFileType = wrapper.framework; includeInIndex = 0; path = Pods_iConnect.framework; sourceTree = BUILT_PRODUCTS_DIR; };
		1E989CF9541C7226C88C81A3 /* Pods-iConnect.debug.xcconfig */ = {isa = PBXFileReference; includeInIndex = 1; lastKnownFileType = text.xcconfig; name = "Pods-iConnect.debug.xcconfig"; path = "Target Support Files/Pods-iConnect/Pods-iConnect.debug.xcconfig"; sourceTree = "<group>"; };
		642640EA42F1DF2DFDED81AC /* Pods-iConnect.release.xcconfig */ = {isa = PBXFileReference; includeInIndex = 1; lastKnownFileType = text.xcconfig; name = "Pods-iConnect.release.xcconfig"; path = "Target Support Files/Pods-iConnect/Pods-iConnect.release.xcconfig"; sourceTree = "<group>"; };
/* End PBXFileReference section */

/* Begin PBXFrameworksBuildPhase section */
		04A031612541E04A00CE3D3E /* Frameworks */ = {
			isa = PBXFrameworksBuildPhase;
			buildActionMask = 2147483647;
			files = (
				2323CC0ED67F7D410819D6C5 /* Pods_iConnect.framework in Frameworks */,
			);
			runOnlyForDeploymentPostprocessing = 0;
		};
/* End PBXFrameworksBuildPhase section */

/* Begin PBXGroup section */
		04A0315B2541E04A00CE3D3E = {
			isa = PBXGroup;
			children = (
				04A031662541E04A00CE3D3E /* iConnect */,
				04A031652541E04A00CE3D3E /* Products */,
				4ABF2D83782914A697661844 /* Pods */,
				6EE972FA8186A990F24D9A2D /* Frameworks */,
			);
			sourceTree = "<group>";
		};
		04A031652541E04A00CE3D3E /* Products */ = {
			isa = PBXGroup;
			children = (
				04A031642541E04A00CE3D3E /* iConnect.app */,
			);
			name = Products;
			sourceTree = "<group>";
		};
		04A031662541E04A00CE3D3E /* iConnect */ = {
			isa = PBXGroup;
			children = (
				04A031672541E04A00CE3D3E /* AppDelegate.swift */,
				04A031692541E04A00CE3D3E /* SceneDelegate.swift */,
				04A0316B2541E04A00CE3D3E /* ViewController.swift */,
				04F9AD16254C8C6D007832B6 /* AuthViewController.swift */,
				04E4BC94254331B200AD7D4A /* FinderViewController.swift */,
				04E4BC9025432F0F00AD7D4A /* ProfileViewController.swift */,
				04E4BC8D25432EF000AD7D4A /* FilterViewController.swift */,
				04E4BC8825432E6200AD7D4A /* EventsViewController.swift */,
				04E4BC8525432E2A00AD7D4A /* CreateViewController.swift */,
				04A0316D2541E04A00CE3D3E /* Main.storyboard */,
				04A031722541E04C00CE3D3E /* LaunchScreen.storyboard */,
				04A031752541E04C00CE3D3E /* Info.plist */,
				04F9AD13254C784B007832B6 /* GoogleService-Info.plist */,
				04A031702541E04C00CE3D3E /* Assets.xcassets */,
			);
			path = iConnect;
			sourceTree = "<group>";
		};
		4ABF2D83782914A697661844 /* Pods */ = {
			isa = PBXGroup;
			children = (
				1E989CF9541C7226C88C81A3 /* Pods-iConnect.debug.xcconfig */,
				642640EA42F1DF2DFDED81AC /* Pods-iConnect.release.xcconfig */,
			);
			path = Pods;
			sourceTree = "<group>";
		};
		6EE972FA8186A990F24D9A2D /* Frameworks */ = {
			isa = PBXGroup;
			children = (
				0ADBD1653916715828FCADB8 /* Pods_iConnect.framework */,
			);
			name = Frameworks;
			sourceTree = "<group>";
		};
/* End PBXGroup section */

/* Begin PBXNativeTarget section */
		04A031632541E04A00CE3D3E /* iConnect */ = {
			isa = PBXNativeTarget;
			buildConfigurationList = 04A031782541E04D00CE3D3E /* Build configuration list for PBXNativeTarget "iConnect" */;
			buildPhases = (
				63E727552494E3E8F07D3A1B /* [CP] Check Pods Manifest.lock */,
				04A031602541E04A00CE3D3E /* Sources */,
				04A031612541E04A00CE3D3E /* Frameworks */,
				04A031622541E04A00CE3D3E /* Resources */,
				0E8671B395B7146CABB92085 /* [CP] Embed Pods Frameworks */,
			);
			buildRules = (
			);
			dependencies = (
			);
			name = iConnect;
			productName = iConnect;
			productReference = 04A031642541E04A00CE3D3E /* iConnect.app */;
			productType = "com.apple.product-type.application";
		};
/* End PBXNativeTarget section */

/* Begin PBXProject section */
		04A0315C2541E04A00CE3D3E /* Project object */ = {
			isa = PBXProject;
			attributes = {
				LastSwiftUpdateCheck = 1210;
				LastUpgradeCheck = 1210;
				TargetAttributes = {
					04A031632541E04A00CE3D3E = {
						CreatedOnToolsVersion = 12.1;
					};
				};
			};
			buildConfigurationList = 04A0315F2541E04A00CE3D3E /* Build configuration list for PBXProject "iConnect" */;
			compatibilityVersion = "Xcode 9.3";
			developmentRegion = en;
			hasScannedForEncodings = 0;
			knownRegions = (
				en,
				Base,
			);
			mainGroup = 04A0315B2541E04A00CE3D3E;
			productRefGroup = 04A031652541E04A00CE3D3E /* Products */;
			projectDirPath = "";
			projectRoot = "";
			targets = (
				04A031632541E04A00CE3D3E /* iConnect */,
			);
		};
/* End PBXProject section */

/* Begin PBXResourcesBuildPhase section */
		04A031622541E04A00CE3D3E /* Resources */ = {
			isa = PBXResourcesBuildPhase;
			buildActionMask = 2147483647;
			files = (
				04A031742541E04C00CE3D3E /* LaunchScreen.storyboard in Resources */,
				04F9AD14254C784B007832B6 /* GoogleService-Info.plist in Resources */,
				04A031712541E04C00CE3D3E /* Assets.xcassets in Resources */,
				04A0316F2541E04A00CE3D3E /* Main.storyboard in Resources */,
			);
			runOnlyForDeploymentPostprocessing = 0;
		};
/* End PBXResourcesBuildPhase section */

/* Begin PBXShellScriptBuildPhase section */
		0E8671B395B7146CABB92085 /* [CP] Embed Pods Frameworks */ = {
			isa = PBXShellScriptBuildPhase;
			buildActionMask = 2147483647;
			files = (
			);
			inputFileListPaths = (
				"${PODS_ROOT}/Target Support Files/Pods-iConnect/Pods-iConnect-frameworks-${CONFIGURATION}-input-files.xcfilelist",
			);
			name = "[CP] Embed Pods Frameworks";
			outputFileListPaths = (
				"${PODS_ROOT}/Target Support Files/Pods-iConnect/Pods-iConnect-frameworks-${CONFIGURATION}-output-files.xcfilelist",
			);
			runOnlyForDeploymentPostprocessing = 0;
			shellPath = /bin/sh;
			shellScript = "\"${PODS_ROOT}/Target Support Files/Pods-iConnect/Pods-iConnect-frameworks.sh\"\n";
			showEnvVarsInLog = 0;
		};
		63E727552494E3E8F07D3A1B /* [CP] Check Pods Manifest.lock */ = {
			isa = PBXShellScriptBuildPhase;
			buildActionMask = 2147483647;
			files = (
			);
			inputFileListPaths = (
			);
			inputPaths = (
				"${PODS_PODFILE_DIR_PATH}/Podfile.lock",
				"${PODS_ROOT}/Manifest.lock",
			);
			name = "[CP] Check Pods Manifest.lock";
			outputFileListPaths = (
			);
			outputPaths = (
				"$(DERIVED_FILE_DIR)/Pods-iConnect-checkManifestLockResult.txt",
			);
			runOnlyForDeploymentPostprocessing = 0;
			shellPath = /bin/sh;
			shellScript = "diff \"${PODS_PODFILE_DIR_PATH}/Podfile.lock\" \"${PODS_ROOT}/Manifest.lock\" > /dev/null\nif [ $? != 0 ] ; then\n    # print error to STDERR\n    echo \"error: The sandbox is not in sync with the Podfile.lock. Run 'pod install' or update your CocoaPods installation.\" >&2\n    exit 1\nfi\n# This output is used by Xcode 'outputs' to avoid re-running this script phase.\necho \"SUCCESS\" > \"${SCRIPT_OUTPUT_FILE_0}\"\n";
			showEnvVarsInLog = 0;
		};
/* End PBXShellScriptBuildPhase section */

/* Begin PBXSourcesBuildPhase section */
		04A031602541E04A00CE3D3E /* Sources */ = {
			isa = PBXSourcesBuildPhase;
			buildActionMask = 2147483647;
			files = (
				04E4BC8E25432EF000AD7D4A /* FilterViewController.swift in Sources */,
				04E4BC8925432E6200AD7D4A /* EventsViewController.swift in Sources */,
				04A0316C2541E04A00CE3D3E /* ViewController.swift in Sources */,
				04E4BC8625432E2A00AD7D4A /* CreateViewController.swift in Sources */,
				04E4BC95254331B200AD7D4A /* FinderViewController.swift in Sources */,
				04A031682541E04A00CE3D3E /* AppDelegate.swift in Sources */,
				04A0316A2541E04A00CE3D3E /* SceneDelegate.swift in Sources */,
				04F9AD17254C8C6D007832B6 /* AuthViewController.swift in Sources */,
				04E4BC9125432F0F00AD7D4A /* ProfileViewController.swift in Sources */,
			);
			runOnlyForDeploymentPostprocessing = 0;
		};
/* End PBXSourcesBuildPhase section */

/* Begin PBXVariantGroup section */
		04A0316D2541E04A00CE3D3E /* Main.storyboard */ = {
			isa = PBXVariantGroup;
			children = (
				04A0316E2541E04A00CE3D3E /* Base */,
			);
			name = Main.storyboard;
			sourceTree = "<group>";
		};
		04A031722541E04C00CE3D3E /* LaunchScreen.storyboard */ = {
			isa = PBXVariantGroup;
			children = (
				04A031732541E04C00CE3D3E /* Base */,
			);
			name = LaunchScreen.storyboard;
			sourceTree = "<group>";
		};
/* End PBXVariantGroup section */

/* Begin XCBuildConfiguration section */
		04A031762541E04D00CE3D3E /* Debug */ = {
			isa = XCBuildConfiguration;
			buildSettings = {
				ALWAYS_SEARCH_USER_PATHS = NO;
				CLANG_ANALYZER_NONNULL = YES;
				CLANG_ANALYZER_NUMBER_OBJECT_CONVERSION = YES_AGGRESSIVE;
				CLANG_CXX_LANGUAGE_STANDARD = "gnu++14";
				CLANG_CXX_LIBRARY = "libc++";
				CLANG_ENABLE_MODULES = YES;
				CLANG_ENABLE_OBJC_ARC = YES;
				CLANG_ENABLE_OBJC_WEAK = YES;
				CLANG_WARN_BLOCK_CAPTURE_AUTORELEASING = YES;
				CLANG_WARN_BOOL_CONVERSION = YES;
				CLANG_WARN_COMMA = YES;
				CLANG_WARN_CONSTANT_CONVERSION = YES;
				CLANG_WARN_DEPRECATED_OBJC_IMPLEMENTATIONS = YES;
				CLANG_WARN_DIRECT_OBJC_ISA_USAGE = YES_ERROR;
				CLANG_WARN_DOCUMENTATION_COMMENTS = YES;
				CLANG_WARN_EMPTY_BODY = YES;
				CLANG_WARN_ENUM_CONVERSION = YES;
				CLANG_WARN_INFINITE_RECURSION = YES;
				CLANG_WARN_INT_CONVERSION = YES;
				CLANG_WARN_NON_LITERAL_NULL_CONVERSION = YES;
				CLANG_WARN_OBJC_IMPLICIT_RETAIN_SELF = YES;
				CLANG_WARN_OBJC_LITERAL_CONVERSION = YES;
				CLANG_WARN_OBJC_ROOT_CLASS = YES_ERROR;
				CLANG_WARN_QUOTED_INCLUDE_IN_FRAMEWORK_HEADER = YES;
				CLANG_WARN_RANGE_LOOP_ANALYSIS = YES;
				CLANG_WARN_STRICT_PROTOTYPES = YES;
				CLANG_WARN_SUSPICIOUS_MOVE = YES;
				CLANG_WARN_UNGUARDED_AVAILABILITY = YES_AGGRESSIVE;
				CLANG_WARN_UNREACHABLE_CODE = YES;
				CLANG_WARN__DUPLICATE_METHOD_MATCH = YES;
				COPY_PHASE_STRIP = NO;
				DEBUG_INFORMATION_FORMAT = dwarf;
				ENABLE_STRICT_OBJC_MSGSEND = YES;
				ENABLE_TESTABILITY = YES;
				GCC_C_LANGUAGE_STANDARD = gnu11;
				GCC_DYNAMIC_NO_PIC = NO;
				GCC_NO_COMMON_BLOCKS = YES;
				GCC_OPTIMIZATION_LEVEL = 0;
				GCC_PREPROCESSOR_DEFINITIONS = (
					"DEBUG=1",
					"$(inherited)",
				);
				GCC_WARN_64_TO_32_BIT_CONVERSION = YES;
				GCC_WARN_ABOUT_RETURN_TYPE = YES_ERROR;
				GCC_WARN_UNDECLARED_SELECTOR = YES;
				GCC_WARN_UNINITIALIZED_AUTOS = YES_AGGRESSIVE;
				GCC_WARN_UNUSED_FUNCTION = YES;
				GCC_WARN_UNUSED_VARIABLE = YES;
				IPHONEOS_DEPLOYMENT_TARGET = 14.1;
				MTL_ENABLE_DEBUG_INFO = INCLUDE_SOURCE;
				MTL_FAST_MATH = YES;
				ONLY_ACTIVE_ARCH = YES;
				SDKROOT = iphoneos;
				SWIFT_ACTIVE_COMPILATION_CONDITIONS = DEBUG;
				SWIFT_OPTIMIZATION_LEVEL = "-Onone";
			};
			name = Debug;
		};
		04A031772541E04D00CE3D3E /* Release */ = {
			isa = XCBuildConfiguration;
			buildSettings = {
				ALWAYS_SEARCH_USER_PATHS = NO;
				CLANG_ANALYZER_NONNULL = YES;
				CLANG_ANALYZER_NUMBER_OBJECT_CONVERSION = YES_AGGRESSIVE;
				CLANG_CXX_LANGUAGE_STANDARD = "gnu++14";
				CLANG_CXX_LIBRARY = "libc++";
				CLANG_ENABLE_MODULES = YES;
				CLANG_ENABLE_OBJC_ARC = YES;
				CLANG_ENABLE_OBJC_WEAK = YES;
				CLANG_WARN_BLOCK_CAPTURE_AUTORELEASING = YES;
				CLANG_WARN_BOOL_CONVERSION = YES;
				CLANG_WARN_COMMA = YES;
				CLANG_WARN_CONSTANT_CONVERSION = YES;
				CLANG_WARN_DEPRECATED_OBJC_IMPLEMENTATIONS = YES;
				CLANG_WARN_DIRECT_OBJC_ISA_USAGE = YES_ERROR;
				CLANG_WARN_DOCUMENTATION_COMMENTS = YES;
				CLANG_WARN_EMPTY_BODY = YES;
				CLANG_WARN_ENUM_CONVERSION = YES;
				CLANG_WARN_INFINITE_RECURSION = YES;
				CLANG_WARN_INT_CONVERSION = YES;
				CLANG_WARN_NON_LITERAL_NULL_CONVERSION = YES;
				CLANG_WARN_OBJC_IMPLICIT_RETAIN_SELF = YES;
				CLANG_WARN_OBJC_LITERAL_CONVERSION = YES;
				CLANG_WARN_OBJC_ROOT_CLASS = YES_ERROR;
				CLANG_WARN_QUOTED_INCLUDE_IN_FRAMEWORK_HEADER = YES;
				CLANG_WARN_RANGE_LOOP_ANALYSIS = YES;
				CLANG_WARN_STRICT_PROTOTYPES = YES;
				CLANG_WARN_SUSPICIOUS_MOVE = YES;
				CLANG_WARN_UNGUARDED_AVAILABILITY = YES_AGGRESSIVE;
				CLANG_WARN_UNREACHABLE_CODE = YES;
				CLANG_WARN__DUPLICATE_METHOD_MATCH = YES;
				COPY_PHASE_STRIP = NO;
				DEBUG_INFORMATION_FORMAT = "dwarf-with-dsym";
				ENABLE_NS_ASSERTIONS = NO;
				ENABLE_STRICT_OBJC_MSGSEND = YES;
				GCC_C_LANGUAGE_STANDARD = gnu11;
				GCC_NO_COMMON_BLOCKS = YES;
				GCC_WARN_64_TO_32_BIT_CONVERSION = YES;
				GCC_WARN_ABOUT_RETURN_TYPE = YES_ERROR;
				GCC_WARN_UNDECLARED_SELECTOR = YES;
				GCC_WARN_UNINITIALIZED_AUTOS = YES_AGGRESSIVE;
				GCC_WARN_UNUSED_FUNCTION = YES;
				GCC_WARN_UNUSED_VARIABLE = YES;
				IPHONEOS_DEPLOYMENT_TARGET = 14.1;
				MTL_ENABLE_DEBUG_INFO = NO;
				MTL_FAST_MATH = YES;
				SDKROOT = iphoneos;
				SWIFT_COMPILATION_MODE = wholemodule;
				SWIFT_OPTIMIZATION_LEVEL = "-O";
				VALIDATE_PRODUCT = YES;
			};
			name = Release;
		};
		04A031792541E04D00CE3D3E /* Debug */ = {
			isa = XCBuildConfiguration;
			baseConfigurationReference = 1E989CF9541C7226C88C81A3 /* Pods-iConnect.debug.xcconfig */;
			buildSettings = {
				ASSETCATALOG_COMPILER_APPICON_NAME = AppIcon;
				ASSETCATALOG_COMPILER_GLOBAL_ACCENT_COLOR_NAME = AccentColor;
				CODE_SIGN_STYLE = Automatic;
				INFOPLIST_FILE = iConnect/Info.plist;
				LD_RUNPATH_SEARCH_PATHS = (
					"$(inherited)",
					"@executable_path/Frameworks",
				);
				PRODUCT_BUNDLE_IDENTIFIER = com.example.iConnect;
				PRODUCT_NAME = "$(TARGET_NAME)";
				SWIFT_VERSION = 5.0;
				TARGETED_DEVICE_FAMILY = "1,2";
			};
			name = Debug;
		};
		04A0317A2541E04D00CE3D3E /* Release */ = {
			isa = XCBuildConfiguration;
			baseConfigurationReference = 642640EA42F1DF2DFDED81AC /* Pods-iConnect.release.xcconfig */;
			buildSettings = {
				ASSETCATALOG_COMPILER_APPICON_NAME = AppIcon;
				ASSETCATALOG_COMPILER_GLOBAL_ACCENT_COLOR_NAME = AccentColor;
				CODE_SIGN_STYLE = Automatic;
				INFOPLIST_FILE = iConnect/Info.plist;
				LD_RUNPATH_SEARCH_PATHS = (
					"$(inherited)",
					"@executable_path/Frameworks",
				);
				PRODUCT_BUNDLE_IDENTIFIER = com.example.iConnect;
				PRODUCT_NAME = "$(TARGET_NAME)";
				SWIFT_VERSION = 5.0;
				TARGETED_DEVICE_FAMILY = "1,2";
			};
			name = Release;
		};
/* End XCBuildConfiguration section */

/* Begin XCConfigurationList section */
		04A0315F2541E04A00CE3D3E /* Build configuration list for PBXProject "iConnect" */ = {
			isa = XCConfigurationList;
			buildConfigurations = (
				04A031762541E04D00CE3D3E /* Debug */,
				04A031772541E04D00CE3D3E /* Release */,
			);
			defaultConfigurationIsVisible = 0;
			defaultConfigurationName = Release;
		};
		04A031782541E04D00CE3D3E /* Build configuration list for PBXNativeTarget "iConnect" */ = {
			isa = XCConfigurationList;
			buildConfigurations = (
				04A031792541E04D00CE3D3E /* Debug */,
				04A0317A2541E04D00CE3D3E /* Release */,
			);
			defaultConfigurationIsVisible = 0;
			defaultConfigurationName = Release;
		};
/* End XCConfigurationList section */
	};
	rootObject = 04A0315C2541E04A00CE3D3E /* Project object */;
}
